
Microsoft Visual Studio Solution File, Format Version 11.00
# Visual Studio 2010
Project("{E17AB4A1-DF35-4579-9E91-0CFFBFB6391A}") = "ZGame", "ZGame.ucproj", "{284DEC4F-CFEE-4A74-AF64-634AC4A95B7E}"
EndProject
Global
	GlobalSection(SolutionConfigurationPlatforms) = preSolution
		Debug|Win32 = Debug|Win32
		Release|Win32 = Release|Win32
	EndGlobalSection
	GlobalSection(ProjectConfigurationPlatforms) = postSolution
		{284DEC4F-CFEE-4A74-AF64-634AC4A95B7E}.Debug|Win32.ActiveCfg = Debug|Win32
		{284DEC4F-CFEE-4A74-AF64-634AC4A95B7E}.Debug|Win32.Build.0 = Debug|Win32
		{284DEC4F-CFEE-4A74-AF64-634AC4A95B7E}.Release|Win32.ActiveCfg = Release|Win32
		{284DEC4F-CFEE-4A74-AF64-634AC4A95B7E}.Release|Win32.Build.0 = Release|Win32
	EndGlobalSection
	GlobalSection(SolutionProperties) = preSolution
		HideSolutionNode = FALSE
	EndGlobalSection
EndGlobal
